
Microsoft Visual Studio Solution File, Format Version 12.00
# Visual Studio Version 17
VisualStudioVersion = 17.8.34330.188
MinimumVisualStudioVersion = 10.0.40219.1
Project("{FAE04EC0-301F-11D3-BF4B-00C04F79EFBC}") = "chmodPermissions", "chmodPermissions.csproj", "{3517957E-BDB7-4C42-80AE-203E282776FB}"
EndProject
Global
	GlobalSection(SolutionConfigurationPlatforms) = preSolution
		Debug|Any CPU = Debug|Any CPU
		Release|Any CPU = Release|Any CPU
	EndGlobalSection
	GlobalSection(ProjectConfigurationPlatforms) = postSolution
		{3517957E-BDB7-4C42-80AE-203E282776FB}.Debug|Any CPU.ActiveCfg = Debug|Any CPU
		{3517957E-BDB7-4C42-80AE-203E282776FB}.Debug|Any CPU.Build.0 = Debug|Any CPU
		{3517957E-BDB7-4C42-80AE-203E282776FB}.Release|Any CPU.ActiveCfg = Release|Any CPU
		{3517957E-BDB7-4C42-80AE-203E282776FB}.Release|Any CPU.Build.0 = Release|Any CPU
	EndGlobalSection
	GlobalSection(SolutionProperties) = preSolution
		HideSolutionNode = FALSE
	EndGlobalSection
	GlobalSection(ExtensibilityGlobals) = postSolution
		SolutionGuid = {6FB9E120-9B6D-42DF-AD91-C136CB3E3039}
	EndGlobalSection
EndGlobal
